
[[dependencies]]
name = "@openzeppelin-contracts-upgradeable"
version = "5.0.2"
source = "https://soldeer-revisions.s3.amazonaws.com/@openzeppelin-contracts-upgradeable/5_0_2_14-03-2024_06:12:07_contracts-upgradeable.zip"
checksum = "fb3f8db8541fc01636f91b0e7d9dd6f450f1bf7e2b4a17e96caf6e779ace8f5b"

[[dependencies]]
name = "solmate"
version = "6.7.0"
source = "https://soldeer-revisions.s3.amazonaws.com/solmate/6_7_0_22-01-2024_13:21:00_solmate.zip"
checksum = "dd0f08cdaaaad1de0ac45993d4959351ba89c2d9325a0b5df5570357064f2c33"
